// !$*UTF8*$!
{
	archiveVersion = 1;
	classes = {
	};
	objectVersion = 46;
	objects = {

/* Begin PBXBuildFile section */
		8982CFF21FE3EB9F00D42429 /* AppDelegate.swift in Sources */ = {isa = PBXBuildFile; fileRef = 8982CFF11FE3EB9F00D42429 /* AppDelegate.swift */; };
		8982CFF41FE3EB9F00D42429 /* ViewController.swift in Sources */ = {isa = PBXBuildFile; fileRef = 8982CFF31FE3EB9F00D42429 /* ViewController.swift */; };
		8982CFF71FE3EB9F00D42429 /* Main.storyboard in Resources */ = {isa = PBXBuildFile; fileRef = 8982CFF51FE3EB9F00D42429 /* Main.storyboard */; };
		8982CFF91FE3EB9F00D42429 /* Assets.xcassets in Resources */ = {isa = PBXBuildFile; fileRef = 8982CFF81FE3EB9F00D42429 /* Assets.xcassets */; };
		8982CFFC1FE3EB9F00D42429 /* LaunchScreen.storyboard in Resources */ = {isa = PBXBuildFile; fileRef = 8982CFFA1FE3EB9F00D42429 /* LaunchScreen.storyboard */; };
		8982D0071FE3EBA000D42429 /* JsonSwiftImplementationTests.swift in Sources */ = {isa = PBXBuildFile; fileRef = 8982D0061FE3EBA000D42429 /* JsonSwiftImplementationTests.swift */; };
		8982D0121FE3EBA000D42429 /* JsonSwiftImplementationUITests.swift in Sources */ = {isa = PBXBuildFile; fileRef = 8982D0111FE3EBA000D42429 /* JsonSwiftImplementationUITests.swift */; };
/* End PBXBuildFile section */

/* Begin PBXContainerItemProxy section */
		8982D0031FE3EBA000D42429 /* PBXContainerItemProxy */ = {
			isa = PBXContainerItemProxy;
			containerPortal = 8982CFE61FE3EB9F00D42429 /* Project object */;
			proxyType = 1;
			remoteGlobalIDString = 8982CFED1FE3EB9F00D42429;
			remoteInfo = JsonSwiftImplementation;
		};
		8982D00E1FE3EBA000D42429 /* PBXContainerItemProxy */ = {
			isa = PBXContainerItemProxy;
			containerPortal = 8982CFE61FE3EB9F00D42429 /* Project object */;
			proxyType = 1;
			remoteGlobalIDString = 8982CFED1FE3EB9F00D42429;
			remoteInfo = JsonSwiftImplementation;
		};
/* End PBXContainerItemProxy section */

/* Begin PBXFileReference section */
		8982CFEE1FE3EB9F00D42429 /* JsonSwiftImplementation.app */ = {isa = PBXFileReference; explicitFileType = wrapper.application; includeInIndex = 0; path = JsonSwiftImplementation.app; sourceTree = BUILT_PRODUCTS_DIR; };
		8982CFF11FE3EB9F00D42429 /* AppDelegate.swift */ = {isa = PBXFileReference; lastKnownFileType = sourcecode.swift; path = AppDelegate.swift; sourceTree = "<group>"; };
		8982CFF31FE3EB9F00D42429 /* ViewController.swift */ = {isa = PBXFileReference; lastKnownFileType = sourcecode.swift; path = ViewController.swift; sourceTree = "<group>"; };
		8982CFF61FE3EB9F00D42429 /* Base */ = {isa = PBXFileReference; lastKnownFileType = file.storyboard; name = Base; path = Base.lproj/Main.storyboard; sourceTree = "<group>"; };
		8982CFF81FE3EB9F00D42429 /* Assets.xcassets */ = {isa = PBXFileReference; lastKnownFileType = folder.assetcatalog; path = Assets.xcassets; sourceTree = "<group>"; };
		8982CFFB1FE3EB9F00D42429 /* Base */ = {isa = PBXFileReference; lastKnownFileType = file.storyboard; name = Base; path = Base.lproj/LaunchScreen.storyboard; sourceTree = "<group>"; };
		8982CFFD1FE3EB9F00D42429 /* Info.plist */ = {isa = PBXFileReference; lastKnownFileType = text.plist.xml; path = Info.plist; sourceTree = "<group>"; };
		8982D0021FE3EBA000D42429 /* JsonSwiftImplementationTests.xctest */ = {isa = PBXFileReference; explicitFileType = wrapper.cfbundle; includeInIndex = 0; path = JsonSwiftImplementationTests.xctest; sourceTree = BUILT_PRODUCTS_DIR; };
		8982D0061FE3EBA000D42429 /* JsonSwiftImplementationTests.swift */ = {isa = PBXFileReference; lastKnownFileType = sourcecode.swift; path = JsonSwiftImplementationTests.swift; sourceTree = "<group>"; };
		8982D0081FE3EBA000D42429 /* Info.plist */ = {isa = PBXFileReference; lastKnownFileType = text.plist.xml; path = Info.plist; sourceTree = "<group>"; };
		8982D00D1FE3EBA000D42429 /* JsonSwiftImplementationUITests.xctest */ = {isa = PBXFileReference; explicitFileType = wrapper.cfbundle; includeInIndex = 0; path = JsonSwiftImplementationUITests.xctest; sourceTree = BUILT_PRODUCTS_DIR; };
		8982D0111FE3EBA000D42429 /* JsonSwiftImplementationUITests.swift */ = {isa = PBXFileReference; lastKnownFileType = sourcecode.swift; path = JsonSwiftImplementationUITests.swift; sourceTree = "<group>"; };
		8982D0131FE3EBA000D42429 /* Info.plist */ = {isa = PBXFileReference; lastKnownFileType = text.plist.xml; path = Info.plist; sourceTree = "<group>"; };
/* End PBXFileReference section */

/* Begin PBXFrameworksBuildPhase section */
		8982CFEB1FE3EB9F00D42429 /* Frameworks */ = {
			isa = PBXFrameworksBuildPhase;
			buildActionMask = 2147483647;
			files = (
			);
			runOnlyForDeploymentPostprocessing = 0;
		};
		8982CFFF1FE3EBA000D42429 /* Frameworks */ = {
			isa = PBXFrameworksBuildPhase;
			buildActionMask = 2147483647;
			files = (
			);
			runOnlyForDeploymentPostprocessing = 0;
		};
		8982D00A1FE3EBA000D42429 /* Frameworks */ = {
			isa = PBXFrameworksBuildPhase;
			buildActionMask = 2147483647;
			files = (
			);
			runOnlyForDeploymentPostprocessing = 0;
		};
/* End PBXFrameworksBuildPhase section */

/* Begin PBXGroup section */
		8982CFE51FE3EB9F00D42429 = {
			isa = PBXGroup;
			children = (
				8982CFF01FE3EB9F00D42429 /* JsonSwiftImplementation */,
				8982D0051FE3EBA000D42429 /* JsonSwiftImplementationTests */,
				8982D0101FE3EBA000D42429 /* JsonSwiftImplementationUITests */,
				8982CFEF1FE3EB9F00D42429 /* Products */,
			);
			sourceTree = "<group>";
		};
		8982CFEF1FE3EB9F00D42429 /* Products */ = {
			isa = PBXGroup;
			children = (
				8982CFEE1FE3EB9F00D42429 /* JsonSwiftImplementation.app */,
				8982D0021FE3EBA000D42429 /* JsonSwiftImplementationTests.xctest */,
				8982D00D1FE3EBA000D42429 /* JsonSwiftImplementationUITests.xctest */,
			);
			name = Products;
			sourceTree = "<group>";
		};
		8982CFF01FE3EB9F00D42429 /* JsonSwiftImplementation */ = {
			isa = PBXGroup;
			children = (
				8982CFF11FE3EB9F00D42429 /* AppDelegate.swift */,
				8982CFF31FE3EB9F00D42429 /* ViewController.swift */,
				8982CFF51FE3EB9F00D42429 /* Main.storyboard */,
				8982CFF81FE3EB9F00D42429 /* Assets.xcassets */,
				8982CFFA1FE3EB9F00D42429 /* LaunchScreen.storyboard */,
				8982CFFD1FE3EB9F00D42429 /* Info.plist */,
			);
			path = JsonSwiftImplementation;
			sourceTree = "<group>";
		};
		8982D0051FE3EBA000D42429 /* JsonSwiftImplementationTests */ = {
			isa = PBXGroup;
			children = (
				8982D0061FE3EBA000D42429 /* JsonSwiftImplementationTests.swift */,
				8982D0081FE3EBA000D42429 /* Info.plist */,
			);
			path = JsonSwiftImplementationTests;
			sourceTree = "<group>";
		};
		8982D0101FE3EBA000D42429 /* JsonSwiftImplementationUITests */ = {
			isa = PBXGroup;
			children = (
				8982D0111FE3EBA000D42429 /* JsonSwiftImplementationUITests.swift */,
				8982D0131FE3EBA000D42429 /* Info.plist */,
			);
			path = JsonSwiftImplementationUITests;
			sourceTree = "<group>";
		};
/* End PBXGroup section */

/* Begin PBXNativeTarget section */
		8982CFED1FE3EB9F00D42429 /* JsonSwiftImplementation */ = {
			isa = PBXNativeTarget;
			buildConfigurationList = 8982D0161FE3EBA000D42429 /* Build configuration list for PBXNativeTarget "JsonSwiftImplementation" */;
			buildPhases = (
				8982CFEA1FE3EB9F00D42429 /* Sources */,
				8982CFEB1FE3EB9F00D42429 /* Frameworks */,
				8982CFEC1FE3EB9F00D42429 /* Resources */,
			);
			buildRules = (
			);
			dependencies = (
			);
			name = JsonSwiftImplementation;
			productName = JsonSwiftImplementation;
			productReference = 8982CFEE1FE3EB9F00D42429 /* JsonSwiftImplementation.app */;
			productType = "com.apple.product-type.application";
		};
		8982D0011FE3EBA000D42429 /* JsonSwiftImplementationTests */ = {
			isa = PBXNativeTarget;
			buildConfigurationList = 8982D0191FE3EBA000D42429 /* Build configuration list for PBXNativeTarget "JsonSwiftImplementationTests" */;
			buildPhases = (
				8982CFFE1FE3EBA000D42429 /* Sources */,
				8982CFFF1FE3EBA000D42429 /* Frameworks */,
				8982D0001FE3EBA000D42429 /* Resources */,
			);
			buildRules = (
			);
			dependencies = (
				8982D0041FE3EBA000D42429 /* PBXTargetDependency */,
			);
			name = JsonSwiftImplementationTests;
			productName = JsonSwiftImplementationTests;
			productReference = 8982D0021FE3EBA000D42429 /* JsonSwiftImplementationTests.xctest */;
			productType = "com.apple.product-type.bundle.unit-test";
		};
		8982D00C1FE3EBA000D42429 /* JsonSwiftImplementationUITests */ = {
			isa = PBXNativeTarget;
			buildConfigurationList = 8982D01C1FE3EBA000D42429 /* Build configuration list for PBXNativeTarget "JsonSwiftImplementationUITests" */;
			buildPhases = (
				8982D0091FE3EBA000D42429 /* Sources */,
				8982D00A1FE3EBA000D42429 /* Frameworks */,
				8982D00B1FE3EBA000D42429 /* Resources */,
			);
			buildRules = (
			);
			dependencies = (
				8982D00F1FE3EBA000D42429 /* PBXTargetDependency */,
			);
			name = JsonSwiftImplementationUITests;
			productName = JsonSwiftImplementationUITests;
			productReference = 8982D00D1FE3EBA000D42429 /* JsonSwiftImplementationUITests.xctest */;
			productType = "com.apple.product-type.bundle.ui-testing";
		};
/* End PBXNativeTarget section */

/* Begin PBXProject section */
		8982CFE61FE3EB9F00D42429 /* Project object */ = {
			isa = PBXProject;
			attributes = {
				LastSwiftUpdateCheck = 0830;
				LastUpgradeCheck = 0830;
				ORGANIZATIONNAME = "iOS Application for World";
				TargetAttributes = {
					8982CFED1FE3EB9F00D42429 = {
						CreatedOnToolsVersion = 8.3.3;
						DevelopmentTeam = 2E39R5HUP8;
						ProvisioningStyle = Automatic;
					};
					8982D0011FE3EBA000D42429 = {
						CreatedOnToolsVersion = 8.3.3;
						DevelopmentTeam = 2E39R5HUP8;
						ProvisioningStyle = Automatic;
						TestTargetID = 8982CFED1FE3EB9F00D42429;
					};
					8982D00C1FE3EBA000D42429 = {
						CreatedOnToolsVersion = 8.3.3;
						DevelopmentTeam = 2E39R5HUP8;
						ProvisioningStyle = Automatic;
						TestTargetID = 8982CFED1FE3EB9F00D42429;
					};
				};
			};
			buildConfigurationList = 8982CFE91FE3EB9F00D42429 /* Build configuration list for PBXProject "JsonSwiftImplementation" */;
			compatibilityVersion = "Xcode 3.2";
			developmentRegion = English;
			hasScannedForEncodings = 0;
			knownRegions = (
				en,
				Base,
			);
			mainGroup = 8982CFE51FE3EB9F00D42429;
			productRefGroup = 8982CFEF1FE3EB9F00D42429 /* Products */;
			projectDirPath = "";
			projectRoot = "";
			targets = (
				8982CFED1FE3EB9F00D42429 /* JsonSwiftImplementation */,
				8982D0011FE3EBA000D42429 /* JsonSwiftImplementationTests */,
				8982D00C1FE3EBA000D42429 /* JsonSwiftImplementationUITests */,
			);
		};
/* End PBXProject section */

/* Begin PBXResourcesBuildPhase section */
		8982CFEC1FE3EB9F00D42429 /* Resources */ = {
			isa = PBXResourcesBuildPhase;
			buildActionMask = 2147483647;
			files = (
				8982CFFC1FE3EB9F00D42429 /* LaunchScreen.storyboard in Resources */,
				8982CFF91FE3EB9F00D42429 /* Assets.xcassets in Resources */,
				8982CFF71FE3EB9F00D42429 /* Main.storyboard in Resources */,
			);
			runOnlyForDeploymentPostprocessing = 0;
		};
		8982D0001FE3EBA000D42429 /* Resources */ = {
			isa = PBXResourcesBuildPhase;
			buildActionMask = 2147483647;
			files = (
			);
			runOnlyForDeploymentPostprocessing = 0;
		};
		8982D00B1FE3EBA000D42429 /* Resources */ = {
			isa = PBXResourcesBuildPhase;
			buildActionMask = 2147483647;
			files = (
			);
			runOnlyForDeploymentPostprocessing = 0;
		};
/* End PBXResourcesBuildPhase section */

/* Begin PBXSourcesBuildPhase section */
		8982CFEA1FE3EB9F00D42429 /* Sources */ = {
			isa = PBXSourcesBuildPhase;
			buildActionMask = 2147483647;
			files = (
				8982CFF41FE3EB9F00D42429 /* ViewController.swift in Sources */,
				8982CFF21FE3EB9F00D42429 /* AppDelegate.swift in Sources */,
			);
			runOnlyForDeploymentPostprocessing = 0;
		};
		8982CFFE1FE3EBA000D42429 /* Sources */ = {
			isa = PBXSourcesBuildPhase;
			buildActionMask = 2147483647;
			files = (
				8982D0071FE3EBA000D42429 /* JsonSwiftImplementationTests.swift in Sources */,
			);
			runOnlyForDeploymentPostprocessing = 0;
		};
		8982D0091FE3EBA000D42429 /* Sources */ = {
			isa = PBXSourcesBuildPhase;
			buildActionMask = 2147483647;
			files = (
				8982D0121FE3EBA000D42429 /* JsonSwiftImplementationUITests.swift in Sources */,
			);
			runOnlyForDeploymentPostprocessing = 0;
		};
/* End PBXSourcesBuildPhase section */

/* Begin PBXTargetDependency section */
		8982D0041FE3EBA000D42429 /* PBXTargetDependency */ = {
			isa = PBXTargetDependency;
			target = 8982CFED1FE3EB9F00D42429 /* JsonSwiftImplementation */;
			targetProxy = 8982D0031FE3EBA000D42429 /* PBXContainerItemProxy */;
		};
		8982D00F1FE3EBA000D42429 /* PBXTargetDependency */ = {
			isa = PBXTargetDependency;
			target = 8982CFED1FE3EB9F00D42429 /* JsonSwiftImplementation */;
			targetProxy = 8982D00E1FE3EBA000D42429 /* PBXContainerItemProxy */;
		};
/* End PBXTargetDependency section */

/* Begin PBXVariantGroup section */
		8982CFF51FE3EB9F00D42429 /* Main.storyboard */ = {
			isa = PBXVariantGroup;
			children = (
				8982CFF61FE3EB9F00D42429 /* Base */,
			);
			name = Main.storyboard;
			sourceTree = "<group>";
		};
		8982CFFA1FE3EB9F00D42429 /* LaunchScreen.storyboard */ = {
			isa = PBXVariantGroup;
			children = (
				8982CFFB1FE3EB9F00D42429 /* Base */,
			);
			name = LaunchScreen.storyboard;
			sourceTree = "<group>";
		};
/* End PBXVariantGroup section */

/* Begin XCBuildConfiguration section */
		8982D0141FE3EBA000D42429 /* Debug */ = {
			isa = XCBuildConfiguration;
			buildSettings = {
				ALWAYS_SEARCH_USER_PATHS = NO;
				CLANG_ANALYZER_NONNULL = YES;
				CLANG_ANALYZER_NUMBER_OBJECT_CONVERSION = YES_AGGRESSIVE;
				CLANG_CXX_LANGUAGE_STANDARD = "gnu++0x";
				CLANG_CXX_LIBRARY = "libc++";
				CLANG_ENABLE_MODULES = YES;
				CLANG_ENABLE_OBJC_ARC = YES;
				CLANG_WARN_BOOL_CONVERSION = YES;
				CLANG_WARN_CONSTANT_CONVERSION = YES;
				CLANG_WARN_DIRECT_OBJC_ISA_USAGE = YES_ERROR;
				CLANG_WARN_DOCUMENTATION_COMMENTS = YES;
				CLANG_WARN_EMPTY_BODY = YES;
				CLANG_WARN_ENUM_CONVERSION = YES;
				CLANG_WARN_INFINITE_RECURSION = YES;
				CLANG_WARN_INT_CONVERSION = YES;
				CLANG_WARN_OBJC_ROOT_CLASS = YES_ERROR;
				CLANG_WARN_SUSPICIOUS_MOVE = YES;
				CLANG_WARN_UNREACHABLE_CODE = YES;
				CLANG_WARN__DUPLICATE_METHOD_MATCH = YES;
				"CODE_SIGN_IDENTITY[sdk=iphoneos*]" = "iPhone Developer";
				COPY_PHASE_STRIP = NO;
				DEBUG_INFORMATION_FORMAT = dwarf;
				ENABLE_STRICT_OBJC_MSGSEND = YES;
				ENABLE_TESTABILITY = YES;
				GCC_C_LANGUAGE_STANDARD = gnu99;
				GCC_DYNAMIC_NO_PIC = NO;
				GCC_NO_COMMON_BLOCKS = YES;
				GCC_OPTIMIZATION_LEVEL = 0;
				GCC_PREPROCESSOR_DEFINITIONS = (
					"DEBUG=1",
					"$(inherited)",
				);
				GCC_WARN_64_TO_32_BIT_CONVERSION = YES;
				GCC_WARN_ABOUT_RETURN_TYPE = YES_ERROR;
				GCC_WARN_UNDECLARED_SELECTOR = YES;
				GCC_WARN_UNINITIALIZED_AUTOS = YES_AGGRESSIVE;
				GCC_WARN_UNUSED_FUNCTION = YES;
				GCC_WARN_UNUSED_VARIABLE = YES;
				IPHONEOS_DEPLOYMENT_TARGET = 10.3;
				MTL_ENABLE_DEBUG_INFO = YES;
				ONLY_ACTIVE_ARCH = YES;
				SDKROOT = iphoneos;
				SWIFT_ACTIVE_COMPILATION_CONDITIONS = DEBUG;
				SWIFT_OPTIMIZATION_LEVEL = "-Onone";
			};
			name = Debug;
		};
		8982D0151FE3EBA000D42429 /* Release */ = {
			isa = XCBuildConfiguration;
			buildSettings = {
				ALWAYS_SEARCH_USER_PATHS = NO;
				CLANG_ANALYZER_NONNULL = YES;
				CLANG_ANALYZER_NUMBER_OBJECT_CONVERSION = YES_AGGRESSIVE;
				CLANG_CXX_LANGUAGE_STANDARD = "gnu++0x";
				CLANG_CXX_LIBRARY = "libc++";
				CLANG_ENABLE_MODULES = YES;
				CLANG_ENABLE_OBJC_ARC = YES;
				CLANG_WARN_BOOL_CONVERSION = YES;
				CLANG_WARN_CONSTANT_CONVERSION = YES;
				CLANG_WARN_DIRECT_OBJC_ISA_USAGE = YES_ERROR;
				CLANG_WARN_DOCUMENTATION_COMMENTS = YES;
				CLANG_WARN_EMPTY_BODY = YES;
				CLANG_WARN_ENUM_CONVERSION = YES;
				CLANG_WARN_INFINITE_RECURSION = YES;
				CLANG_WARN_INT_CONVERSION = YES;
				CLANG_WARN_OBJC_ROOT_CLASS = YES_ERROR;
				CLANG_WARN_SUSPICIOUS_MOVE = YES;
				CLANG_WARN_UNREACHABLE_CODE = YES;
				CLANG_WARN__DUPLICATE_METHOD_MATCH = YES;
				"CODE_SIGN_IDENTITY[sdk=iphoneos*]" = "iPhone Developer";
				COPY_PHASE_STRIP = NO;
				DEBUG_INFORMATION_FORMAT = "dwarf-with-dsym";
				ENABLE_NS_ASSERTIONS = NO;
				ENABLE_STRICT_OBJC_MSGSEND = YES;
				GCC_C_LANGUAGE_STANDARD = gnu99;
				GCC_NO_COMMON_BLOCKS = YES;
				GCC_WARN_64_TO_32_BIT_CONVERSION = YES;
				GCC_WARN_ABOUT_RETURN_TYPE = YES_ERROR;
				GCC_WARN_UNDECLARED_SELECTOR = YES;
				GCC_WARN_UNINITIALIZED_AUTOS = YES_AGGRESSIVE;
				GCC_WARN_UNUSED_FUNCTION = YES;
				GCC_WARN_UNUSED_VARIABLE = YES;
				IPHONEOS_DEPLOYMENT_TARGET = 10.3;
				MTL_ENABLE_DEBUG_INFO = NO;
				SDKROOT = iphoneos;
				SWIFT_OPTIMIZATION_LEVEL = "-Owholemodule";
				VALIDATE_PRODUCT = YES;
			};
			name = Release;
		};
		8982D0171FE3EBA000D42429 /* Debug */ = {
			isa = XCBuildConfiguration;
			buildSettings = {
				ASSETCATALOG_COMPILER_APPICON_NAME = AppIcon;
				DEVELOPMENT_TEAM = 2E39R5HUP8;
				INFOPLIST_FILE = JsonSwiftImplementation/Info.plist;
				LD_RUNPATH_SEARCH_PATHS = "$(inherited) @executable_path/Frameworks";
				PRODUCT_BUNDLE_IDENTIFIER = iOSDeveloper.JsonSwiftImplementation;
				PRODUCT_NAME = "$(TARGET_NAME)";
				SWIFT_VERSION = 3.0;
			};
			name = Debug;
		};
		8982D0181FE3EBA000D42429 /* Release */ = {
			isa = XCBuildConfiguration;
			buildSettings = {
				ASSETCATALOG_COMPILER_APPICON_NAME = AppIcon;
				DEVELOPMENT_TEAM = 2E39R5HUP8;
				INFOPLIST_FILE = JsonSwiftImplementation/Info.plist;
				LD_RUNPATH_SEARCH_PATHS = "$(inherited) @executable_path/Frameworks";
				PRODUCT_BUNDLE_IDENTIFIER = iOSDeveloper.JsonSwiftImplementation;
				PRODUCT_NAME = "$(TARGET_NAME)";
				SWIFT_VERSION = 3.0;
			};
			name = Release;
		};
		8982D01A1FE3EBA000D42429 /* Debug */ = {
			isa = XCBuildConfiguration;
			buildSettings = {
				ALWAYS_EMBED_SWIFT_STANDARD_LIBRARIES = YES;
				BUNDLE_LOADER = "$(TEST_HOST)";
				DEVELOPMENT_TEAM = 2E39R5HUP8;
				INFOPLIST_FILE = JsonSwiftImplementationTests/Info.plist;
				LD_RUNPATH_SEARCH_PATHS = "$(inherited) @executable_path/Frameworks @loader_path/Frameworks";
				PRODUCT_BUNDLE_IDENTIFIER = iOSDeveloper.JsonSwiftImplementationTests;
				PRODUCT_NAME = "$(TARGET_NAME)";
				SWIFT_VERSION = 3.0;
				TEST_HOST = "$(BUILT_PRODUCTS_DIR)/JsonSwiftImplementation.app/JsonSwiftImplementation";
			};
			name = Debug;
		};
		8982D01B1FE3EBA000D42429 /* Release */ = {
			isa = XCBuildConfiguration;
			buildSettings = {
				ALWAYS_EMBED_SWIFT_STANDARD_LIBRARIES = YES;
				BUNDLE_LOADER = "$(TEST_HOST)";
				DEVELOPMENT_TEAM = 2E39R5HUP8;
				INFOPLIST_FILE = JsonSwiftImplementationTests/Info.plist;
				LD_RUNPATH_SEARCH_PATHS = "$(inherited) @executable_path/Frameworks @loader_path/Frameworks";
				PRODUCT_BUNDLE_IDENTIFIER = iOSDeveloper.JsonSwiftImplementationTests;
				PRODUCT_NAME = "$(TARGET_NAME)";
				SWIFT_VERSION = 3.0;
				TEST_HOST = "$(BUILT_PRODUCTS_DIR)/JsonSwiftImplementation.app/JsonSwiftImplementation";
			};
			name = Release;
		};
		8982D01D1FE3EBA000D42429 /* Debug */ = {
			isa = XCBuildConfiguration;
			buildSettings = {
				ALWAYS_EMBED_SWIFT_STANDARD_LIBRARIES = YES;
				DEVELOPMENT_TEAM = 2E39R5HUP8;
				INFOPLIST_FILE = JsonSwiftImplementationUITests/Info.plist;
				LD_RUNPATH_SEARCH_PATHS = "$(inherited) @executable_path/Frameworks @loader_path/Frameworks";
				PRODUCT_BUNDLE_IDENTIFIER = iOSDeveloper.JsonSwiftImplementationUITests;
				PRODUCT_NAME = "$(TARGET_NAME)";
				SWIFT_VERSION = 3.0;
				TEST_TARGET_NAME = JsonSwiftImplementation;
			};
			name = Debug;
		};
		8982D01E1FE3EBA000D42429 /* Release */ = {
			isa = XCBuildConfiguration;
			buildSettings = {
				ALWAYS_EMBED_SWIFT_STANDARD_LIBRARIES = YES;
				DEVELOPMENT_TEAM = 2E39R5HUP8;
				INFOPLIST_FILE = JsonSwiftImplementationUITests/Info.plist;
				LD_RUNPATH_SEARCH_PATHS = "$(inherited) @executable_path/Frameworks @loader_path/Frameworks";
				PRODUCT_BUNDLE_IDENTIFIER = iOSDeveloper.JsonSwiftImplementationUITests;
				PRODUCT_NAME = "$(TARGET_NAME)";
				SWIFT_VERSION = 3.0;
				TEST_TARGET_NAME = JsonSwiftImplementation;
			};
			name = Release;
		};
/* End XCBuildConfiguration section */

/* Begin XCConfigurationList section */
		8982CFE91FE3EB9F00D42429 /* Build configuration list for PBXProject "JsonSwiftImplementation" */ = {
			isa = XCConfigurationList;
			buildConfigurations = (
				8982D0141FE3EBA000D42429 /* Debug */,
				8982D0151FE3EBA000D42429 /* Release */,
			);
			defaultConfigurationIsVisible = 0;
			defaultConfigurationName = Release;
		};
		8982D0161FE3EBA000D42429 /* Build configuration list for PBXNativeTarget "JsonSwiftImplementation" */ = {
			isa = XCConfigurationList;
			buildConfigurations = (
				8982D0171FE3EBA000D42429 /* Debug */,
				8982D0181FE3EBA000D42429 /* Release */,
			);
			defaultConfigurationIsVisible = 0;
		};
		8982D0191FE3EBA000D42429 /* Build configuration list for PBXNativeTarget "JsonSwiftImplementationTests" */ = {
			isa = XCConfigurationList;
			buildConfigurations = (
				8982D01A1FE3EBA000D42429 /* Debug */,
				8982D01B1FE3EBA000D42429 /* Release */,
			);
			defaultConfigurationIsVisible = 0;
		};
		8982D01C1FE3EBA000D42429 /* Build configuration list for PBXNativeTarget "JsonSwiftImplementationUITests" */ = {
			isa = XCConfigurationList;
			buildConfigurations = (
				8982D01D1FE3EBA000D42429 /* Debug */,
				8982D01E1FE3EBA000D42429 /* Release */,
			);
			defaultConfigurationIsVisible = 0;
		};
/* End XCConfigurationList section */
	};
	rootObject = 8982CFE61FE3EB9F00D42429 /* Project object */;
}
